
Microsoft Visual Studio Solution File, Format Version 12.00
# Visual Studio Version 16
VisualStudioVersion = 16.0.29102.190
MinimumVisualStudioVersion = 10.0.40219.1
Project("{FAE04EC0-301F-11D3-BF4B-00C04F79EFBC}") = "BatiBot", "BatiBot\BatiBot.csproj", "{5957CE92-19A7-49E0-81D2-93B8A4CE083F}"
EndProject
Global
	GlobalSection(SolutionConfigurationPlatforms) = preSolution
		Debug|Any CPU = Debug|Any CPU
		Release|Any CPU = Release|Any CPU
	EndGlobalSection
	GlobalSection(ProjectConfigurationPlatforms) = postSolution
		{5957CE92-19A7-49E0-81D2-93B8A4CE083F}.Debug|Any CPU.ActiveCfg = Debug|Any CPU
		{5957CE92-19A7-49E0-81D2-93B8A4CE083F}.Debug|Any CPU.Build.0 = Debug|Any CPU
		{5957CE92-19A7-49E0-81D2-93B8A4CE083F}.Release|Any CPU.ActiveCfg = Release|Any CPU
		{5957CE92-19A7-49E0-81D2-93B8A4CE083F}.Release|Any CPU.Build.0 = Release|Any CPU
	EndGlobalSection
	GlobalSection(SolutionProperties) = preSolution
		HideSolutionNode = FALSE
	EndGlobalSection
	GlobalSection(ExtensibilityGlobals) = postSolution
		SolutionGuid = {779308B1-6F4E-477B-B4ED-22809E04F041}
	EndGlobalSection
EndGlobal
